
Microsoft Visual Studio Solution File, Format Version 12.00
# Visual Studio 15
VisualStudioVersion = 15.0.28307.489
MinimumVisualStudioVersion = 10.0.40219.1
Project("{8BC9CEB8-8B4A-11D0-8D11-00A0C91BC942}") = "operator phan so", "operator phan so\operator phan so.vcxproj", "{732FBA2D-0132-4656-9BED-A23F2947E485}"
EndProject
Global
	GlobalSection(SolutionConfigurationPlatforms) = preSolution
		Debug|x64 = Debug|x64
		Debug|x86 = Debug|x86
		Release|x64 = Release|x64
		Release|x86 = Release|x86
	EndGlobalSection
	GlobalSection(ProjectConfigurationPlatforms) = postSolution
		{732FBA2D-0132-4656-9BED-A23F2947E485}.Debug|x64.ActiveCfg = Debug|x64
		{732FBA2D-0132-4656-9BED-A23F2947E485}.Debug|x64.Build.0 = Debug|x64
		{732FBA2D-0132-4656-9BED-A23F2947E485}.Debug|x86.ActiveCfg = Debug|Win32
		{732FBA2D-0132-4656-9BED-A23F2947E485}.Debug|x86.Build.0 = Debug|Win32
		{732FBA2D-0132-4656-9BED-A23F2947E485}.Release|x64.ActiveCfg = Release|x64
		{732FBA2D-0132-4656-9BED-A23F2947E485}.Release|x64.Build.0 = Release|x64
		{732FBA2D-0132-4656-9BED-A23F2947E485}.Release|x86.ActiveCfg = Release|Win32
		{732FBA2D-0132-4656-9BED-A23F2947E485}.Release|x86.Build.0 = Release|Win32
	EndGlobalSection
	GlobalSection(SolutionProperties) = preSolution
		HideSolutionNode = FALSE
	EndGlobalSection
	GlobalSection(ExtensibilityGlobals) = postSolution
		SolutionGuid = {B027120B-2984-43B7-AE34-8DD5F2E30518}
	EndGlobalSection
EndGlobal
