
Microsoft Visual Studio Solution File, Format Version 12.00
# Visual Studio 15
VisualStudioVersion = 15.0.28307.489
MinimumVisualStudioVersion = 10.0.40219.1
Project("{8BC9CEB8-8B4A-11D0-8D11-00A0C91BC942}") = "bai 5", "bai 5\bai 5.vcxproj", "{BA5A25F2-17A9-41B9-B08B-6D21D64BD851}"
EndProject
Global
	GlobalSection(SolutionConfigurationPlatforms) = preSolution
		Debug|x64 = Debug|x64
		Debug|x86 = Debug|x86
		Release|x64 = Release|x64
		Release|x86 = Release|x86
	EndGlobalSection
	GlobalSection(ProjectConfigurationPlatforms) = postSolution
		{BA5A25F2-17A9-41B9-B08B-6D21D64BD851}.Debug|x64.ActiveCfg = Debug|x64
		{BA5A25F2-17A9-41B9-B08B-6D21D64BD851}.Debug|x64.Build.0 = Debug|x64
		{BA5A25F2-17A9-41B9-B08B-6D21D64BD851}.Debug|x86.ActiveCfg = Debug|Win32
		{BA5A25F2-17A9-41B9-B08B-6D21D64BD851}.Debug|x86.Build.0 = Debug|Win32
		{BA5A25F2-17A9-41B9-B08B-6D21D64BD851}.Release|x64.ActiveCfg = Release|x64
		{BA5A25F2-17A9-41B9-B08B-6D21D64BD851}.Release|x64.Build.0 = Release|x64
		{BA5A25F2-17A9-41B9-B08B-6D21D64BD851}.Release|x86.ActiveCfg = Release|Win32
		{BA5A25F2-17A9-41B9-B08B-6D21D64BD851}.Release|x86.Build.0 = Release|Win32
	EndGlobalSection
	GlobalSection(SolutionProperties) = preSolution
		HideSolutionNode = FALSE
	EndGlobalSection
	GlobalSection(ExtensibilityGlobals) = postSolution
		SolutionGuid = {2C1FF9AC-4582-491C-AD87-949AC3DB55B0}
	EndGlobalSection
EndGlobal
