
Microsoft Visual Studio Solution File, Format Version 12.00
# Visual Studio 15
VisualStudioVersion = 15.0.28307.489
MinimumVisualStudioVersion = 10.0.40219.1
Project("{8BC9CEB8-8B4A-11D0-8D11-00A0C91BC942}") = "thao tac tren queue", "thao tac tren queue\thao tac tren queue.vcxproj", "{040F3455-D818-4368-9BC2-7E0A9104729C}"
EndProject
Global
	GlobalSection(SolutionConfigurationPlatforms) = preSolution
		Debug|x64 = Debug|x64
		Debug|x86 = Debug|x86
		Release|x64 = Release|x64
		Release|x86 = Release|x86
	EndGlobalSection
	GlobalSection(ProjectConfigurationPlatforms) = postSolution
		{040F3455-D818-4368-9BC2-7E0A9104729C}.Debug|x64.ActiveCfg = Debug|x64
		{040F3455-D818-4368-9BC2-7E0A9104729C}.Debug|x64.Build.0 = Debug|x64
		{040F3455-D818-4368-9BC2-7E0A9104729C}.Debug|x86.ActiveCfg = Debug|Win32
		{040F3455-D818-4368-9BC2-7E0A9104729C}.Debug|x86.Build.0 = Debug|Win32
		{040F3455-D818-4368-9BC2-7E0A9104729C}.Release|x64.ActiveCfg = Release|x64
		{040F3455-D818-4368-9BC2-7E0A9104729C}.Release|x64.Build.0 = Release|x64
		{040F3455-D818-4368-9BC2-7E0A9104729C}.Release|x86.ActiveCfg = Release|Win32
		{040F3455-D818-4368-9BC2-7E0A9104729C}.Release|x86.Build.0 = Release|Win32
	EndGlobalSection
	GlobalSection(SolutionProperties) = preSolution
		HideSolutionNode = FALSE
	EndGlobalSection
	GlobalSection(ExtensibilityGlobals) = postSolution
		SolutionGuid = {1C3A2D79-C692-451D-9A0A-43FB872EDD82}
	EndGlobalSection
EndGlobal
