
Microsoft Visual Studio Solution File, Format Version 12.00
# Visual Studio 15
VisualStudioVersion = 15.0.28307.489
MinimumVisualStudioVersion = 10.0.40219.1
Project("{8BC9CEB8-8B4A-11D0-8D11-00A0C91BC942}") = "cc", "cc\cc.vcxproj", "{C494EF59-77A1-4156-A927-5B1D933EB5CE}"
EndProject
Global
	GlobalSection(SolutionConfigurationPlatforms) = preSolution
		Debug|x64 = Debug|x64
		Debug|x86 = Debug|x86
		Release|x64 = Release|x64
		Release|x86 = Release|x86
	EndGlobalSection
	GlobalSection(ProjectConfigurationPlatforms) = postSolution
		{C494EF59-77A1-4156-A927-5B1D933EB5CE}.Debug|x64.ActiveCfg = Debug|x64
		{C494EF59-77A1-4156-A927-5B1D933EB5CE}.Debug|x64.Build.0 = Debug|x64
		{C494EF59-77A1-4156-A927-5B1D933EB5CE}.Debug|x86.ActiveCfg = Debug|Win32
		{C494EF59-77A1-4156-A927-5B1D933EB5CE}.Debug|x86.Build.0 = Debug|Win32
		{C494EF59-77A1-4156-A927-5B1D933EB5CE}.Release|x64.ActiveCfg = Release|x64
		{C494EF59-77A1-4156-A927-5B1D933EB5CE}.Release|x64.Build.0 = Release|x64
		{C494EF59-77A1-4156-A927-5B1D933EB5CE}.Release|x86.ActiveCfg = Release|Win32
		{C494EF59-77A1-4156-A927-5B1D933EB5CE}.Release|x86.Build.0 = Release|Win32
	EndGlobalSection
	GlobalSection(SolutionProperties) = preSolution
		HideSolutionNode = FALSE
	EndGlobalSection
	GlobalSection(ExtensibilityGlobals) = postSolution
		SolutionGuid = {84D8A857-6D6C-49FB-BB54-89605153FF5C}
	EndGlobalSection
EndGlobal
