
Microsoft Visual Studio Solution File, Format Version 12.00
# Visual Studio 15
VisualStudioVersion = 15.0.28307.489
MinimumVisualStudioVersion = 10.0.40219.1
Project("{8BC9CEB8-8B4A-11D0-8D11-00A0C91BC942}") = "bai3", "bai3\bai3.vcxproj", "{D92BCF9E-83DD-483E-931B-DEF633CACB5D}"
EndProject
Global
	GlobalSection(SolutionConfigurationPlatforms) = preSolution
		Debug|x64 = Debug|x64
		Debug|x86 = Debug|x86
		Release|x64 = Release|x64
		Release|x86 = Release|x86
	EndGlobalSection
	GlobalSection(ProjectConfigurationPlatforms) = postSolution
		{D92BCF9E-83DD-483E-931B-DEF633CACB5D}.Debug|x64.ActiveCfg = Debug|x64
		{D92BCF9E-83DD-483E-931B-DEF633CACB5D}.Debug|x64.Build.0 = Debug|x64
		{D92BCF9E-83DD-483E-931B-DEF633CACB5D}.Debug|x86.ActiveCfg = Debug|Win32
		{D92BCF9E-83DD-483E-931B-DEF633CACB5D}.Debug|x86.Build.0 = Debug|Win32
		{D92BCF9E-83DD-483E-931B-DEF633CACB5D}.Release|x64.ActiveCfg = Release|x64
		{D92BCF9E-83DD-483E-931B-DEF633CACB5D}.Release|x64.Build.0 = Release|x64
		{D92BCF9E-83DD-483E-931B-DEF633CACB5D}.Release|x86.ActiveCfg = Release|Win32
		{D92BCF9E-83DD-483E-931B-DEF633CACB5D}.Release|x86.Build.0 = Release|Win32
	EndGlobalSection
	GlobalSection(SolutionProperties) = preSolution
		HideSolutionNode = FALSE
	EndGlobalSection
	GlobalSection(ExtensibilityGlobals) = postSolution
		SolutionGuid = {389822A6-BFD2-4D75-B851-435FFBBF7113}
	EndGlobalSection
EndGlobal
